{
  "name": "memo",
  "version": "1.0.0",
  "lockfileVersion": 1,
  "requires": true,
  "dependencies": {
    "accepts": {
      "version": "1.3.4",
      "resolved": "http://r.cnpmjs.org/accepts/download/accepts-1.3.4.tgz",
      "integrity": "sha1-hiRnWMfdbSGmR0/whKR0DsBesh8=",
      "requires": {
        "mime-types": "2.1.17",
        "negotiator": "0.6.1"
      }
    },
    "address": {
      "version": "1.0.3",
      "resolved": "http://r.cnpmjs.org/address/download/address-1.0.3.tgz",
      "integrity": "sha1-tfUGMfjWzsi9IMljljr7VeBsvOk="
    },
    "agentkeepalive": {
      "version": "3.3.0",
      "resolved": "http://r.cnpmjs.org/agentkeepalive/download/agentkeepalive-3.3.0.tgz",
      "integrity": "sha1-bV3lgpr9O+JxIgGjknX9EcZRhXw=",
      "requires": {
        "humanize-ms": "1.2.1"
      }
    },
    "any-promise": {
      "version": "1.3.0",
      "resolved": "http://r.cnpmjs.org/any-promise/download/any-promise-1.3.0.tgz",
      "integrity": "sha1-q8av7tzqUugJzcA3au0845Y10X8="
    },
    "append-field": {
      "version": "0.1.0",
      "resolved": "http://r.cnpmjs.org/append-field/download/append-field-0.1.0.tgz",
      "integrity": "sha1-bdxY+gg8e8VF08WZWygwzCNm1Eo="
    },
    "assertion-error": {
      "version": "1.0.0",
      "resolved": "http://r.cnpmjs.org/assertion-error/download/assertion-error-1.0.0.tgz",
      "integrity": "sha1-x/hUOP3UZrx8oWq5DIFRN5el0js="
    },
    "async-busboy": {
      "version": "0.6.2",
      "resolved": "http://r.cnpmjs.org/async-busboy/download/async-busboy-0.6.2.tgz",
      "integrity": "sha1-GrcT9R7lKb5V4nxUIyPyM/V02Vw=",
      "requires": {
        "busboy": "0.2.14"
      }
    },
    "axios": {
      "version": "0.16.2",
      "resolved": "http://r.cnpmjs.org/axios/download/axios-0.16.2.tgz",
      "integrity": "sha1-uk+S8XFn37q0CYN4VFS5rBScPG0=",
      "requires": {
        "follow-redirects": "1.2.6",
        "is-buffer": "1.1.6"
      }
    },
    "basic-auth": {
      "version": "1.1.0",
      "resolved": "http://r.cnpmjs.org/basic-auth/download/basic-auth-1.1.0.tgz",
      "integrity": "sha1-RSIe5Cn37h5QNb4/UVM/HN/SmIQ="
    },
    "bson": {
      "version": "0.4.23",
      "resolved": "http://r.cnpmjs.org/bson/download/bson-0.4.23.tgz",
      "integrity": "sha1-5louPHUH/63kEJvHV1p25Q+NqRU="
    },
    "buffer-shims": {
      "version": "1.0.0",
      "resolved": "http://r.cnpmjs.org/buffer-shims/download/buffer-shims-1.0.0.tgz",
      "integrity": "sha1-mXjOMXOIxkmth5MCjDR37wRKi1E="
    },
    "busboy": {
      "version": "0.2.14",
      "resolved": "http://r.cnpmjs.org/busboy/download/busboy-0.2.14.tgz",
      "integrity": "sha1-bCpiLvz0fFe7vh4qnDetNseSVFM=",
      "requires": {
        "dicer": "0.2.5",
        "readable-stream": "1.1.14"
      }
    },
    "chai": {
      "version": "1.10.0",
      "resolved": "http://r.cnpmjs.org/chai/download/chai-1.10.0.tgz",
      "integrity": "sha1-5AMcyHZURhp1lD5aNatG6vOcHrk=",
      "requires": {
        "assertion-error": "1.0.0",
        "deep-eql": "0.1.3"
      }
    },
    "co": {
      "version": "4.6.0",
      "resolved": "http://r.cnpmjs.org/co/download/co-4.6.0.tgz",
      "integrity": "sha1-bqa989hTrlTMuOR7+gvz+QMfsYQ="
    },
    "commander": {
      "version": "2.3.0",
      "resolved": "http://r.cnpmjs.org/commander/download/commander-2.3.0.tgz",
      "integrity": "sha1-/UMOiJgy7DU7ms0d4hfBHLPu+HM="
    },
    "concat-stream": {
      "version": "1.6.0",
      "resolved": "http://r.cnpmjs.org/concat-stream/download/concat-stream-1.6.0.tgz",
      "integrity": "sha1-CqxmL9Ur54lk1VMvaUeE5wEQrPc=",
      "requires": {
        "inherits": "2.0.3",
        "readable-stream": "2.3.3",
        "typedarray": "0.0.6"
      },
      "dependencies": {
        "isarray": {
          "version": "1.0.0",
          "resolved": "http://r.cnpmjs.org/isarray/download/isarray-1.0.0.tgz",
          "integrity": "sha1-u5NdSFgsuhaMBoNJV6VKPgcSTxE="
        },
        "readable-stream": {
          "version": "2.3.3",
          "resolved": "http://r.cnpmjs.org/readable-stream/download/readable-stream-2.3.3.tgz",
          "integrity": "sha1-No8lEtefnUb9/HE0mueHi7weuVw=",
          "requires": {
            "core-util-is": "1.0.2",
            "inherits": "2.0.3",
            "isarray": "1.0.0",
            "process-nextick-args": "1.0.7",
            "safe-buffer": "5.1.1",
            "string_decoder": "1.0.3",
            "util-deprecate": "1.0.2"
          }
        },
        "string_decoder": {
          "version": "1.0.3",
          "resolved": "http://r.cnpmjs.org/string_decoder/download/string_decoder-1.0.3.tgz",
          "integrity": "sha1-D8Z9fBQYJd6UKC3VNr7GubzoYKs=",
          "requires": {
            "safe-buffer": "5.1.1"
          }
        }
      }
    },
    "content-disposition": {
      "version": "0.5.2",
      "resolved": "http://r.cnpmjs.org/content-disposition/download/content-disposition-0.5.2.tgz",
      "integrity": "sha1-DPaLud318r55YcOoUXjLhdunjLQ="
    },
    "content-type": {
      "version": "1.0.4",
      "resolved": "http://r.cnpmjs.org/content-type/download/content-type-1.0.4.tgz",
      "integrity": "sha1-4TjMdeBAxyexlm/l5fjJruJW/js="
    },
    "cookies": {
      "version": "0.7.1",
      "resolved": "http://r.cnpmjs.org/cookies/download/cookies-0.7.1.tgz",
      "integrity": "sha1-fIphX1SBxhq58WyDNzG8uPZjuZs=",
      "requires": {
        "depd": "1.1.1",
        "keygrip": "1.0.2"
      }
    },
    "core-util-is": {
      "version": "1.0.2",
      "resolved": "http://r.cnpmjs.org/core-util-is/download/core-util-is-1.0.2.tgz",
      "integrity": "sha1-tf1UIgqivFq1eqtxQMlAdUUDwac="
    },
    "crc32": {
      "version": "0.2.2",
      "resolved": "http://r.cnpmjs.org/crc32/download/crc32-0.2.2.tgz",
      "integrity": "sha1-etIg1v/c0Rn5/BJ6d3LKzqOQpLo="
    },
    "cron": {
      "version": "1.3.0",
      "resolved": "http://r.cnpmjs.org/cron/download/cron-1.3.0.tgz",
      "integrity": "sha1-fkWZaOr5ThpEW+eWzkAhZsI0ZZ0=",
      "requires": {
        "moment-timezone": "0.5.14"
      }
    },
    "debug": {
      "version": "3.1.0",
      "resolved": "http://r.cnpmjs.org/debug/download/debug-3.1.0.tgz",
      "integrity": "sha1-W7WgZyYotkFJVmuhaBnmFRjGcmE=",
      "requires": {
        "ms": "2.0.0"
      }
    },
    "deep-eql": {
      "version": "0.1.3",
      "resolved": "http://r.cnpmjs.org/deep-eql/download/deep-eql-0.1.3.tgz",
      "integrity": "sha1-71WKyrjeJSBs1xOQbXTlaTDrafI=",
      "requires": {
        "type-detect": "0.1.1"
      }
    },
    "deep-equal": {
      "version": "1.0.1",
      "resolved": "http://r.cnpmjs.org/deep-equal/download/deep-equal-1.0.1.tgz",
      "integrity": "sha1-9dJgKStmDghO/0zbyfCK0yR0SLU="
    },
    "default-user-agent": {
      "version": "1.0.0",
      "resolved": "http://r.cnpmjs.org/default-user-agent/download/default-user-agent-1.0.0.tgz",
      "integrity": "sha1-FsRu/cq6PtxF8k8r1IaLAbfCrcY=",
      "requires": {
        "os-name": "1.0.3"
      }
    },
    "delegates": {
      "version": "1.0.0",
      "resolved": "http://r.cnpmjs.org/delegates/download/delegates-1.0.0.tgz",
      "integrity": "sha1-hMbhWbgZBP3KWaDvRM2HDTElD5o="
    },
    "depd": {
      "version": "1.1.1",
      "resolved": "http://r.cnpmjs.org/depd/download/depd-1.1.1.tgz",
      "integrity": "sha1-V4O04cRZ8G+lyif5kfPQbnoxA1k="
    },
    "destroy": {
      "version": "1.0.4",
      "resolved": "http://r.cnpmjs.org/destroy/download/destroy-1.0.4.tgz",
      "integrity": "sha1-l4hXRCxEdJ5CBmE+N5RiBYJqvYA="
    },
    "dicer": {
      "version": "0.2.5",
      "resolved": "http://r.cnpmjs.org/dicer/download/dicer-0.2.5.tgz",
      "integrity": "sha1-WZbAhrszIYyBLAkL3cCc0S+stw8=",
      "requires": {
        "readable-stream": "1.1.14",
        "streamsearch": "0.1.2"
      }
    },
    "diff": {
      "version": "1.0.8",
      "resolved": "http://r.cnpmjs.org/diff/download/diff-1.0.8.tgz",
      "integrity": "sha1-NDJ2MI7Jkbe8giZ+1VvBQR+XFmY="
    },
    "digest-header": {
      "version": "0.0.1",
      "resolved": "http://r.cnpmjs.org/digest-header/download/digest-header-0.0.1.tgz",
      "integrity": "sha1-Ecz23uxXZqw3l0TZAcEsuklRS+Y=",
      "requires": {
        "utility": "0.1.11"
      }
    },
    "ee-first": {
      "version": "1.1.1",
      "resolved": "http://r.cnpmjs.org/ee-first/download/ee-first-1.1.1.tgz",
      "integrity": "sha1-WQxhFWsK4vTwJVcyoViyZrxWsh0="
    },
    "error-inject": {
      "version": "1.0.0",
      "resolved": "http://r.cnpmjs.org/error-inject/download/error-inject-1.0.0.tgz",
      "integrity": "sha1-4rPZG1Su1nLzCdlQ0VSFD6EdTzc="
    },
    "es6-promise": {
      "version": "4.2.2",
      "resolved": "http://r.cnpmjs.org/es6-promise/download/es6-promise-4.2.2.tgz",
      "integrity": "sha1-9yLXdpr4i9M7wT7GYF4fkpZrgtk="
    },
    "es6-promisify": {
      "version": "5.0.0",
      "resolved": "http://r.cnpmjs.org/es6-promisify/download/es6-promisify-5.0.0.tgz",
      "integrity": "sha1-UQnWLz5W6pZ8S2NQWu8IKRyKUgM=",
      "requires": {
        "es6-promise": "4.2.2"
      }
    },
    "escape-html": {
      "version": "1.0.3",
      "resolved": "http://r.cnpmjs.org/escape-html/download/escape-html-1.0.3.tgz",
      "integrity": "sha1-Aljq5NPQwJdN4cFpGI7wBR0dGYg="
    },
    "escape-string-regexp": {
      "version": "1.0.2",
      "resolved": "http://r.cnpmjs.org/escape-string-regexp/download/escape-string-regexp-1.0.2.tgz",
      "integrity": "sha1-Tbwv5nTnGUnK8/smlc5/LcHZqNE="
    },
    "follow-redirects": {
      "version": "1.2.6",
      "resolved": "http://r.cnpmjs.org/follow-redirects/download/follow-redirects-1.2.6.tgz",
      "integrity": "sha1-Tc3H5Ks91nZal/+Jw7TCWBF8eb8=",
      "requires": {
        "debug": "3.1.0"
      }
    },
    "formstream": {
      "version": "1.1.0",
      "resolved": "http://r.cnpmjs.org/formstream/download/formstream-1.1.0.tgz",
      "integrity": "sha1-UfOXDyYTbrCtRDBN5M67UCB7RHk=",
      "requires": {
        "destroy": "1.0.4",
        "mime": "1.3.6",
        "pause-stream": "0.0.11"
      }
    },
    "fresh": {
      "version": "0.5.2",
      "resolved": "http://r.cnpmjs.org/fresh/download/fresh-0.5.2.tgz",
      "integrity": "sha1-PYyt2Q2XZWn6g1qx+OSyOhBWBac="
    },
    "generic-pool": {
      "version": "2.5.4",
      "resolved": "http://r.cnpmjs.org/generic-pool/download/generic-pool-2.5.4.tgz",
      "integrity": "sha1-OMYYhRPhQDCUjsblz2VSPZd5KZs="
    },
    "glob": {
      "version": "3.2.3",
      "resolved": "http://r.cnpmjs.org/glob/download/glob-3.2.3.tgz",
      "integrity": "sha1-4xPusknHr/qlxHUoaw4RW1mDlGc=",
      "requires": {
        "graceful-fs": "2.0.3",
        "inherits": "2.0.3",
        "minimatch": "0.2.14"
      }
    },
    "graceful-fs": {
      "version": "2.0.3",
      "resolved": "http://r.cnpmjs.org/graceful-fs/download/graceful-fs-2.0.3.tgz",
      "integrity": "sha1-fNLNsiiko/Nule+mzBQt59GhNtA="
    },
    "growl": {
      "version": "1.8.1",
      "resolved": "http://r.cnpmjs.org/growl/download/growl-1.8.1.tgz",
      "integrity": "sha1-Sy3sjZB+k9szZiTc7AGDUC+MlCg="
    },
    "http-assert": {
      "version": "1.3.0",
      "resolved": "http://r.cnpmjs.org/http-assert/download/http-assert-1.3.0.tgz",
      "integrity": "sha1-oxpc+IyHPsu1eWkH1NbxMujAHko=",
      "requires": {
        "deep-equal": "1.0.1",
        "http-errors": "1.6.2"
      }
    },
    "http-errors": {
      "version": "1.6.2",
      "resolved": "http://r.cnpmjs.org/http-errors/download/http-errors-1.6.2.tgz",
      "integrity": "sha1-CgAsyFcHGSp+eUbO7cERVfYOxzY=",
      "requires": {
        "depd": "1.1.1",
        "inherits": "2.0.3",
        "setprototypeof": "1.0.3",
        "statuses": "1.4.0"
      }
    },
    "humanize-ms": {
      "version": "1.2.1",
      "resolved": "http://r.cnpmjs.org/humanize-ms/download/humanize-ms-1.2.1.tgz",
      "integrity": "sha1-xG4xWaKT9riW2ikxbYtv6Lt5u+0=",
      "requires": {
        "ms": "2.0.0"
      }
    },
    "iconv-lite": {
      "version": "0.4.19",
      "resolved": "http://r.cnpmjs.org/iconv-lite/download/iconv-lite-0.4.19.tgz",
      "integrity": "sha1-90aPYBNfXl2tM5nAqBvpoWA6CCs="
    },
    "inherits": {
      "version": "2.0.3",
      "resolved": "http://r.cnpmjs.org/inherits/download/inherits-2.0.3.tgz",
      "integrity": "sha1-Yzwsg+PaQqUC9SRmAiSA9CCCYd4="
    },
    "is-buffer": {
      "version": "1.1.6",
      "resolved": "http://r.cnpmjs.org/is-buffer/download/is-buffer-1.1.6.tgz",
      "integrity": "sha1-76ouqdqg16suoTqXsritUf776L4="
    },
    "is-generator-function": {
      "version": "1.0.7",
      "resolved": "http://r.cnpmjs.org/is-generator-function/download/is-generator-function-1.0.7.tgz",
      "integrity": "sha1-0hMuUpuwAAp/gHlNS99c1eWBNSI="
    },
    "is-number": {
      "version": "3.0.0",
      "resolved": "http://r.cnpmjs.org/is-number/download/is-number-3.0.0.tgz",
      "integrity": "sha1-JP1iAaR4LPUFYcgQJ2r8fRLXEZU=",
      "requires": {
        "kind-of": "3.2.2"
      },
      "dependencies": {
        "kind-of": {
          "version": "3.2.2",
          "resolved": "http://r.cnpmjs.org/kind-of/download/kind-of-3.2.2.tgz",
          "integrity": "sha1-MeohpzS6ubuw8yRm2JOupR5KPGQ=",
          "requires": {
            "is-buffer": "1.1.6"
          }
        }
      }
    },
    "isarray": {
      "version": "0.0.1",
      "resolved": "http://r.cnpmjs.org/isarray/download/isarray-0.0.1.tgz",
      "integrity": "sha1-ihis/Kmo9Bd+Cav8YDiTmwXR7t8="
    },
    "jade": {
      "version": "0.26.3",
      "resolved": "http://r.cnpmjs.org/jade/download/jade-0.26.3.tgz",
      "integrity": "sha1-jxDXl32NefL2/4YqgbBRPMslaGw=",
      "requires": {
        "commander": "0.6.1",
        "mkdirp": "0.3.0"
      },
      "dependencies": {
        "commander": {
          "version": "0.6.1",
          "resolved": "http://r.cnpmjs.org/commander/download/commander-0.6.1.tgz",
          "integrity": "sha1-+mihT2qUXVTbvlDYzbMyDp47GgY="
        },
        "mkdirp": {
          "version": "0.3.0",
          "resolved": "http://r.cnpmjs.org/mkdirp/download/mkdirp-0.3.0.tgz",
          "integrity": "sha1-G79asbqCevI1dRQ0kEJkVfSB/h4="
        }
      }
    },
    "keygrip": {
      "version": "1.0.2",
      "resolved": "http://r.cnpmjs.org/keygrip/download/keygrip-1.0.2.tgz",
      "integrity": "sha1-rTKXxVcGneqLz+ek+kkbdcXd65E="
    },
    "kind-of": {
      "version": "4.0.0",
      "resolved": "http://r.cnpmjs.org/kind-of/download/kind-of-4.0.0.tgz",
      "integrity": "sha1-IIE989cSkosgc3hpGkUGb65y3Vc=",
      "requires": {
        "is-buffer": "1.1.6"
      }
    },
    "koa": {
      "version": "2.4.1",
      "resolved": "http://r.cnpmjs.org/koa/download/koa-2.4.1.tgz",
      "integrity": "sha1-1EnPuXCn6dpXH2me2kC7njLrFIQ=",
      "requires": {
        "accepts": "1.3.4",
        "content-disposition": "0.5.2",
        "content-type": "1.0.4",
        "cookies": "0.7.1",
        "debug": "3.1.0",
        "delegates": "1.0.0",
        "depd": "1.1.1",
        "destroy": "1.0.4",
        "error-inject": "1.0.0",
        "escape-html": "1.0.3",
        "fresh": "0.5.2",
        "http-assert": "1.3.0",
        "http-errors": "1.6.2",
        "is-generator-function": "1.0.7",
        "koa-compose": "4.0.0",
        "koa-convert": "1.2.0",
        "koa-is-json": "1.0.0",
        "mime-types": "2.1.17",
        "on-finished": "2.3.0",
        "only": "0.0.2",
        "parseurl": "1.3.2",
        "statuses": "1.4.0",
        "type-is": "1.6.15",
        "vary": "1.1.2"
      }
    },
    "koa-basic-auth": {
      "version": "2.0.0",
      "resolved": "http://r.cnpmjs.org/koa-basic-auth/download/koa-basic-auth-2.0.0.tgz",
      "integrity": "sha1-V2BHPlGW5c/PXx1tVI9LSJOsqGc=",
      "requires": {
        "basic-auth": "1.1.0"
      }
    },
    "koa-cache": {
      "version": "0.1.0",
      "resolved": "http://r.cnpmjs.org/koa-cache/download/koa-cache-0.1.0.tgz",
      "integrity": "sha1-awmpQ/oonwqg8aBBy/K1l2jime8=",
      "requires": {
        "chai": "1.10.0",
        "co": "3.1.0",
        "debug": "0.8.1",
        "mocha": "1.21.5",
        "redis": "0.10.3",
        "redis-wstream": "0.2.5"
      },
      "dependencies": {
        "co": {
          "version": "3.1.0",
          "resolved": "http://r.cnpmjs.org/co/download/co-3.1.0.tgz",
          "integrity": "sha1-TqVOpaCJOBUxheFSEMaNkJK8G3g="
        },
        "debug": {
          "version": "0.8.1",
          "resolved": "http://r.cnpmjs.org/debug/download/debug-0.8.1.tgz",
          "integrity": "sha1-IP9NJvXkIstoobrLu2EDmtjBwTA="
        }
      }
    },
    "koa-compose": {
      "version": "4.0.0",
      "resolved": "http://r.cnpmjs.org/koa-compose/download/koa-compose-4.0.0.tgz",
      "integrity": "sha1-KAClE9nDYe8NY4UrA45Pby1adzw="
    },
    "koa-convert": {
      "version": "1.2.0",
      "resolved": "http://r.cnpmjs.org/koa-convert/download/koa-convert-1.2.0.tgz",
      "integrity": "sha1-2kCHXfSd4FOQmNFwC1CCDOvNIdA=",
      "requires": {
        "co": "4.6.0",
        "koa-compose": "3.2.1"
      },
      "dependencies": {
        "koa-compose": {
          "version": "3.2.1",
          "resolved": "http://r.cnpmjs.org/koa-compose/download/koa-compose-3.2.1.tgz",
          "integrity": "sha1-qFzLQLfZhtjlo0Wzoazo6rz1Tec=",
          "requires": {
            "any-promise": "1.3.0"
          }
        }
      }
    },
    "koa-cors": {
      "version": "0.0.16",
      "resolved": "http://r.cnpmjs.org/koa-cors/download/koa-cors-0.0.16.tgz",
      "integrity": "sha1-mBB5k6eQnjTAQphsXsYVbXfzQy4="
    },
    "koa-is-json": {
      "version": "1.0.0",
      "resolved": "http://r.cnpmjs.org/koa-is-json/download/koa-is-json-1.0.0.tgz",
      "integrity": "sha1-JzwH7c3Ljfaiwat9We52SRRR7BQ="
    },
    "koa-mongo": {
      "version": "0.7.1",
      "resolved": "http://r.cnpmjs.org/koa-mongo/download/koa-mongo-0.7.1.tgz",
      "integrity": "sha1-DCw594HIMfSu6lIgm5TdbqgKQOU=",
      "requires": {
        "debug": "2.6.0",
        "generic-pool": "2.5.4",
        "mongodb": "2.1.21"
      },
      "dependencies": {
        "debug": {
          "version": "2.6.0",
          "resolved": "http://r.cnpmjs.org/debug/download/debug-2.6.0.tgz",
          "integrity": "sha1-vFlryr52F/Edn6FTYe3tVgi4SZs=",
          "requires": {
            "ms": "0.7.2"
          }
        },
        "es6-promise": {
          "version": "3.0.2",
          "resolved": "http://r.cnpmjs.org/es6-promise/download/es6-promise-3.0.2.tgz",
          "integrity": "sha1-AQ1YWEI6XxGJeWZfRkhqlcbuK7Y="
        },
        "mongodb": {
          "version": "2.1.21",
          "resolved": "http://r.cnpmjs.org/mongodb/download/mongodb-2.1.21.tgz",
          "integrity": "sha1-dkcJ28zrWCW06zH5U5X5Zf1EInI=",
          "requires": {
            "es6-promise": "3.0.2",
            "mongodb-core": "1.3.21",
            "readable-stream": "1.0.31"
          }
        },
        "ms": {
          "version": "0.7.2",
          "resolved": "http://r.cnpmjs.org/ms/download/ms-0.7.2.tgz",
          "integrity": "sha1-riXPJRKziFodldfwN4aNhDESR2U="
        },
        "readable-stream": {
          "version": "1.0.31",
          "resolved": "http://r.cnpmjs.org/readable-stream/download/readable-stream-1.0.31.tgz",
          "integrity": "sha1-jyUC4LyeOw2huUUgqrtOJgPsr64=",
          "requires": {
            "core-util-is": "1.0.2",
            "inherits": "2.0.3",
            "isarray": "0.0.1",
            "string_decoder": "0.10.31"
          }
        }
      }
    },
    "koa-multer": {
      "version": "1.0.2",
      "resolved": "http://r.cnpmjs.org/koa-multer/download/koa-multer-1.0.2.tgz",
      "integrity": "sha1-049//R25exqtM+d3RzLwAOvWclk=",
      "requires": {
        "multer": "1.3.0"
      }
    },
    "koa-router": {
      "version": "7.3.0",
      "resolved": "http://r.cnpmjs.org/koa-router/download/koa-router-7.3.0.tgz",
      "integrity": "sha1-JB8ESaxc0QcYMamj2AtSH6+2uqE=",
      "requires": {
        "debug": "3.1.0",
        "http-errors": "1.6.2",
        "koa-compose": "3.2.1",
        "methods": "1.1.2",
        "path-to-regexp": "1.7.0",
        "urijs": "1.19.0"
      },
      "dependencies": {
        "koa-compose": {
          "version": "3.2.1",
          "resolved": "http://r.cnpmjs.org/koa-compose/download/koa-compose-3.2.1.tgz",
          "integrity": "sha1-qFzLQLfZhtjlo0Wzoazo6rz1Tec=",
          "requires": {
            "any-promise": "1.3.0"
          }
        }
      }
    },
    "koa-send": {
      "version": "3.3.0",
      "resolved": "http://r.cnpmjs.org/koa-send/download/koa-send-3.3.0.tgz",
      "integrity": "sha1-WkriRVZGgMbs9geeknX6UXOoYdw=",
      "requires": {
        "co": "4.6.0",
        "debug": "2.6.9",
        "mz": "2.7.0",
        "resolve-path": "1.3.3"
      },
      "dependencies": {
        "debug": {
          "version": "2.6.9",
          "resolved": "http://r.cnpmjs.org/debug/download/debug-2.6.9.tgz",
          "integrity": "sha1-XRKFFd8TT/Mn6QpMk/Tgd6U2NB8=",
          "requires": {
            "ms": "2.0.0"
          }
        }
      }
    },
    "koa-static": {
      "version": "3.0.0",
      "resolved": "http://r.cnpmjs.org/koa-static/download/koa-static-3.0.0.tgz",
      "integrity": "sha1-QEQiM9LAs1wiXkUBmcEL+KU55BY=",
      "requires": {
        "debug": "3.1.0",
        "koa-send": "3.3.0"
      }
    },
    "lru-cache": {
      "version": "2.7.3",
      "resolved": "http://r.cnpmjs.org/lru-cache/download/lru-cache-2.7.3.tgz",
      "integrity": "sha1-bUUk6LlV+V1PW1iFHOId1y+06VI="
    },
    "media-typer": {
      "version": "0.3.0",
      "resolved": "http://r.cnpmjs.org/media-typer/download/media-typer-0.3.0.tgz",
      "integrity": "sha1-hxDXrwqmJvj/+hzgAWhUUmMlV0g="
    },
    "methods": {
      "version": "1.1.2",
      "resolved": "http://r.cnpmjs.org/methods/download/methods-1.1.2.tgz",
      "integrity": "sha1-VSmk1nZUE07cxSZmVoNbD4Ua/O4="
    },
    "mime": {
      "version": "1.3.6",
      "resolved": "http://r.cnpmjs.org/mime/download/mime-1.3.6.tgz",
      "integrity": "sha1-WR2E02U6awtKO5343lqoEI5y5eA="
    },
    "mime-db": {
      "version": "1.30.0",
      "resolved": "http://r.cnpmjs.org/mime-db/download/mime-db-1.30.0.tgz",
      "integrity": "sha1-dMZD2i3Z1qRTmZY0ZbJtXKfXHwE="
    },
    "mime-types": {
      "version": "2.1.17",
      "resolved": "http://r.cnpmjs.org/mime-types/download/mime-types-2.1.17.tgz",
      "integrity": "sha1-Cdejk/A+mVp5+K+Fe3Cp4KsWVXo=",
      "requires": {
        "mime-db": "1.30.0"
      }
    },
    "minimatch": {
      "version": "0.2.14",
      "resolved": "http://r.cnpmjs.org/minimatch/download/minimatch-0.2.14.tgz",
      "integrity": "sha1-x054BXT2PG+aCQ6Q775u9TpqdWo=",
      "requires": {
        "lru-cache": "2.7.3",
        "sigmund": "1.0.1"
      }
    },
    "minimist": {
      "version": "0.0.8",
      "resolved": "http://r.cnpmjs.org/minimist/download/minimist-0.0.8.tgz",
      "integrity": "sha1-hX/Kv8M5fSYluCKCYuhqp6ARsF0="
    },
    "mkdirp": {
      "version": "0.5.0",
      "resolved": "http://r.cnpmjs.org/mkdirp/download/mkdirp-0.5.0.tgz",
      "integrity": "sha1-HXMHam35hs2TROFecfzAWkyavxI=",
      "requires": {
        "minimist": "0.0.8"
      }
    },
    "mocha": {
      "version": "1.21.5",
      "resolved": "http://r.cnpmjs.org/mocha/download/mocha-1.21.5.tgz",
      "integrity": "sha1-fFiwkXTfl25DSiOx6NY5hz/FKek=",
      "requires": {
        "commander": "2.3.0",
        "debug": "2.0.0",
        "diff": "1.0.8",
        "escape-string-regexp": "1.0.2",
        "glob": "3.2.3",
        "growl": "1.8.1",
        "jade": "0.26.3",
        "mkdirp": "0.5.0"
      },
      "dependencies": {
        "debug": {
          "version": "2.0.0",
          "resolved": "http://r.cnpmjs.org/debug/download/debug-2.0.0.tgz",
          "integrity": "sha1-ib2d9nMrUSVrxnBTQrugLtEhMe8=",
          "requires": {
            "ms": "0.6.2"
          }
        },
        "ms": {
          "version": "0.6.2",
          "resolved": "http://r.cnpmjs.org/ms/download/ms-0.6.2.tgz",
          "integrity": "sha1-2JwhJMb9wTU9Zai3e/GqxLGTcIw="
        }
      }
    },
    "moment": {
      "version": "2.20.1",
      "resolved": "http://r.cnpmjs.org/moment/download/moment-2.20.1.tgz",
      "integrity": "sha1-1usaRsvMFKKy+UNBEsH/iQfzE/0="
    },
    "moment-timezone": {
      "version": "0.5.14",
      "resolved": "http://r.cnpmjs.org/moment-timezone/download/moment-timezone-0.5.14.tgz",
      "integrity": "sha1-TrOP+VOLgBCLpGekWPPtQmjM/LE=",
      "requires": {
        "moment": "2.20.1"
      }
    },
    "mongodb": {
      "version": "2.2.34",
      "resolved": "http://r.cnpmjs.org/mongodb/download/mongodb-2.2.34.tgz",
      "integrity": "sha1-o09Zu+thdUrsQy3nLD/iFSakTBo=",
      "requires": {
        "es6-promise": "3.2.1",
        "mongodb-core": "2.1.18",
        "readable-stream": "2.2.7"
      },
      "dependencies": {
        "bson": {
          "version": "1.0.4",
          "resolved": "http://r.cnpmjs.org/bson/download/bson-1.0.4.tgz",
          "integrity": "sha1-k8ENOeqltYQVy8QFLz5T5WKwtyw="
        },
        "es6-promise": {
          "version": "3.2.1",
          "resolved": "http://r.cnpmjs.org/es6-promise/download/es6-promise-3.2.1.tgz",
          "integrity": "sha1-7FYjOGgDKQkgcXDDlEjiREndH8Q="
        },
        "isarray": {
          "version": "1.0.0",
          "resolved": "http://r.cnpmjs.org/isarray/download/isarray-1.0.0.tgz",
          "integrity": "sha1-u5NdSFgsuhaMBoNJV6VKPgcSTxE="
        },
        "mongodb-core": {
          "version": "2.1.18",
          "resolved": "http://r.cnpmjs.org/mongodb-core/download/mongodb-core-2.1.18.tgz",
          "integrity": "sha1-TEYTm986HwMt7ZHbSfOO7AFlkFA=",
          "requires": {
            "bson": "1.0.4",
            "require_optional": "1.0.1"
          }
        },
        "readable-stream": {
          "version": "2.2.7",
          "resolved": "http://r.cnpmjs.org/readable-stream/download/readable-stream-2.2.7.tgz",
          "integrity": "sha1-BwV6y+JGeyIELTb5jFrVBwVOlbE=",
          "requires": {
            "buffer-shims": "1.0.0",
            "core-util-is": "1.0.2",
            "inherits": "2.0.3",
            "isarray": "1.0.0",
            "process-nextick-args": "1.0.7",
            "string_decoder": "1.0.3",
            "util-deprecate": "1.0.2"
          }
        },
        "string_decoder": {
          "version": "1.0.3",
          "resolved": "http://r.cnpmjs.org/string_decoder/download/string_decoder-1.0.3.tgz",
          "integrity": "sha1-D8Z9fBQYJd6UKC3VNr7GubzoYKs=",
          "requires": {
            "safe-buffer": "5.1.1"
          }
        }
      }
    },
    "mongodb-core": {
      "version": "1.3.21",
      "resolved": "http://r.cnpmjs.org/mongodb-core/download/mongodb-core-1.3.21.tgz",
      "integrity": "sha1-/hKee+4rOybBQJ3gKrYNA/YpHMo=",
      "requires": {
        "bson": "0.4.23",
        "require_optional": "1.0.1"
      }
    },
    "ms": {
      "version": "2.0.0",
      "resolved": "http://r.cnpmjs.org/ms/download/ms-2.0.0.tgz",
      "integrity": "sha1-VgiurfwAvmwpAd9fmGF4jeDVl8g="
    },
    "multer": {
      "version": "1.3.0",
      "resolved": "http://r.cnpmjs.org/multer/download/multer-1.3.0.tgz",
      "integrity": "sha1-CSsmcPaEb6SRSWXvyM+Uwg/sbNI=",
      "requires": {
        "append-field": "0.1.0",
        "busboy": "0.2.14",
        "concat-stream": "1.6.0",
        "mkdirp": "0.5.1",
        "object-assign": "3.0.0",
        "on-finished": "2.3.0",
        "type-is": "1.6.15",
        "xtend": "4.0.1"
      },
      "dependencies": {
        "mkdirp": {
          "version": "0.5.1",
          "resolved": "http://r.cnpmjs.org/mkdirp/download/mkdirp-0.5.1.tgz",
          "integrity": "sha1-MAV0OOrGz3+MR2fzhkjWaX11yQM=",
          "requires": {
            "minimist": "0.0.8"
          }
        }
      }
    },
    "mz": {
      "version": "2.7.0",
      "resolved": "http://r.cnpmjs.org/mz/download/mz-2.7.0.tgz",
      "integrity": "sha1-lQCAV6Vsr63CvGPd5/n/aVWUjjI=",
      "requires": {
        "any-promise": "1.3.0",
        "object-assign": "4.1.1",
        "thenify-all": "1.6.0"
      },
      "dependencies": {
        "object-assign": {
          "version": "4.1.1",
          "resolved": "http://r.cnpmjs.org/object-assign/download/object-assign-4.1.1.tgz",
          "integrity": "sha1-IQmtx5ZYh8/AXLvUQsrIv7s2CGM="
        }
      }
    },
    "negotiator": {
      "version": "0.6.1",
      "resolved": "http://r.cnpmjs.org/negotiator/download/negotiator-0.6.1.tgz",
      "integrity": "sha1-KzJxhOiZIQEXeyhWP7XnECrNDKk="
    },
    "node-cron": {
      "version": "1.2.1",
      "resolved": "http://r.cnpmjs.org/node-cron/download/node-cron-1.2.1.tgz",
      "integrity": "sha1-jJC8XccjpWKJsHhmVatKHEy2A2g="
    },
    "object-assign": {
      "version": "3.0.0",
      "resolved": "http://r.cnpmjs.org/object-assign/download/object-assign-3.0.0.tgz",
      "integrity": "sha1-m+3VygiXlJvKR+f/QIBi1Un1h/I="
    },
    "objectid": {
      "version": "3.2.1",
      "resolved": "http://r.cnpmjs.org/objectid/download/objectid-3.2.1.tgz",
      "integrity": "sha1-o7eitNZfOoNI74SX8CMGm1ywGd4=",
      "requires": {
        "bson": "0.1.9"
      },
      "dependencies": {
        "bson": {
          "version": "0.1.9",
          "resolved": "http://r.cnpmjs.org/bson/download/bson-0.1.9.tgz",
          "integrity": "sha1-dSj4Htdw5tYwyowszfU5SkCW2xQ="
        }
      }
    },
    "on-finished": {
      "version": "2.3.0",
      "resolved": "http://r.cnpmjs.org/on-finished/download/on-finished-2.3.0.tgz",
      "integrity": "sha1-IPEzZIGwg811M3mSoWlxqi2QaUc=",
      "requires": {
        "ee-first": "1.1.1"
      }
    },
    "only": {
      "version": "0.0.2",
      "resolved": "http://r.cnpmjs.org/only/download/only-0.0.2.tgz",
      "integrity": "sha1-Kv3oTQPlC5qO3EROMGEKcCle37Q="
    },
    "os-name": {
      "version": "1.0.3",
      "resolved": "http://r.cnpmjs.org/os-name/download/os-name-1.0.3.tgz",
      "integrity": "sha1-GzefZINa98Wn9JizV8uVIVwVnt8=",
      "requires": {
        "osx-release": "1.1.0",
        "win-release": "1.1.1"
      }
    },
    "osx-release": {
      "version": "1.1.0",
      "resolved": "http://r.cnpmjs.org/osx-release/download/osx-release-1.1.0.tgz",
      "integrity": "sha1-8heRGigTaUmvG/kwiyQeJzfTzWw=",
      "requires": {
        "minimist": "1.2.0"
      },
      "dependencies": {
        "minimist": {
          "version": "1.2.0",
          "resolved": "http://r.cnpmjs.org/minimist/download/minimist-1.2.0.tgz",
          "integrity": "sha1-o1AIsg9BOD7sH7kU9M1d95omQoQ="
        }
      }
    },
    "parseurl": {
      "version": "1.3.2",
      "resolved": "http://r.cnpmjs.org/parseurl/download/parseurl-1.3.2.tgz",
      "integrity": "sha1-/CidTtiZMRlGDBViUyYs3I3mW/M="
    },
    "path-is-absolute": {
      "version": "1.0.1",
      "resolved": "http://r.cnpmjs.org/path-is-absolute/download/path-is-absolute-1.0.1.tgz",
      "integrity": "sha1-F0uSaHNVNP+8es5r9TpanhtcX18="
    },
    "path-to-regexp": {
      "version": "1.7.0",
      "resolved": "http://r.cnpmjs.org/path-to-regexp/download/path-to-regexp-1.7.0.tgz",
      "integrity": "sha1-Wf3g9DW62suhA6hOnTvGTpa5k30=",
      "requires": {
        "isarray": "0.0.1"
      }
    },
    "pause-stream": {
      "version": "0.0.11",
      "resolved": "http://r.cnpmjs.org/pause-stream/download/pause-stream-0.0.11.tgz",
      "integrity": "sha1-/lo0sMvOErWqaitAPuLnO2AvFEU=",
      "requires": {
        "through": "2.3.8"
      }
    },
    "process-nextick-args": {
      "version": "1.0.7",
      "resolved": "http://r.cnpmjs.org/process-nextick-args/download/process-nextick-args-1.0.7.tgz",
      "integrity": "sha1-FQ4gt1ZZCtP5EJPyWk8q2L/zC6M="
    },
    "qiniu": {
      "version": "7.1.1",
      "resolved": "http://r.cnpmjs.org/qiniu/download/qiniu-7.1.1.tgz",
      "integrity": "sha1-EhOIiOQQNr5JuJI8qo7vgd6iqUo=",
      "requires": {
        "agentkeepalive": "3.3.0",
        "crc32": "0.2.2",
        "formstream": "1.1.0",
        "mime": "1.3.6",
        "tunnel-agent": "0.6.0",
        "urlencode": "1.1.0",
        "urllib": "2.22.0"
      }
    },
    "qs": {
      "version": "6.5.1",
      "resolved": "http://r.cnpmjs.org/qs/download/qs-6.5.1.tgz",
      "integrity": "sha1-NJzfbu+J7EXBLX1es/wMhwNDptg="
    },
    "randomatic": {
      "version": "1.1.7",
      "resolved": "http://r.cnpmjs.org/randomatic/download/randomatic-1.1.7.tgz",
      "integrity": "sha1-x6vpzIuHwLqodrGf3oP9RkeX44w=",
      "requires": {
        "is-number": "3.0.0",
        "kind-of": "4.0.0"
      }
    },
    "readable-stream": {
      "version": "1.1.14",
      "resolved": "http://r.cnpmjs.org/readable-stream/download/readable-stream-1.1.14.tgz",
      "integrity": "sha1-fPTFTvZI44EwhMY23SB54WbAgdk=",
      "requires": {
        "core-util-is": "1.0.2",
        "inherits": "2.0.3",
        "isarray": "0.0.1",
        "string_decoder": "0.10.31"
      }
    },
    "redis": {
      "version": "0.10.3",
      "resolved": "http://r.cnpmjs.org/redis/download/redis-0.10.3.tgz",
      "integrity": "sha1-iSf+IRDuOWF7zz/Te4nY4SORG7Y="
    },
    "redis-wstream": {
      "version": "0.2.5",
      "resolved": "http://r.cnpmjs.org/redis-wstream/download/redis-wstream-0.2.5.tgz",
      "integrity": "sha1-GzO/ObFkgtk8nkBo9RTynEIAKDA=",
      "requires": {
        "readable-stream": "https://github.com/jeffbski/readable-stream/archive/v1.0.2-object-transform2-ret-self.tar.gz"
      },
      "dependencies": {
        "readable-stream": {
          "version": "https://github.com/jeffbski/readable-stream/archive/v1.0.2-object-transform2-ret-self.tar.gz",
          "integrity": "sha1-Ep5VOncxhmMui1iTnFjm9gdUK2M="
        }
      }
    },
    "require_optional": {
      "version": "1.0.1",
      "resolved": "http://r.cnpmjs.org/require_optional/download/require_optional-1.0.1.tgz",
      "integrity": "sha1-TPNaQkf2TKPfjC7yCMxJSxyo/C4=",
      "requires": {
        "resolve-from": "2.0.0",
        "semver": "5.4.1"
      }
    },
    "resolve-from": {
      "version": "2.0.0",
      "resolved": "http://r.cnpmjs.org/resolve-from/download/resolve-from-2.0.0.tgz",
      "integrity": "sha1-lICrIOlP+h2egKgEx+oUdhGWa1c="
    },
    "resolve-path": {
      "version": "1.3.3",
      "resolved": "http://r.cnpmjs.org/resolve-path/download/resolve-path-1.3.3.tgz",
      "integrity": "sha1-TYOrpkaMK45jKldeP1Kw+g2+Glw=",
      "requires": {
        "http-errors": "1.5.1",
        "path-is-absolute": "1.0.1"
      },
      "dependencies": {
        "http-errors": {
          "version": "1.5.1",
          "resolved": "http://r.cnpmjs.org/http-errors/download/http-errors-1.5.1.tgz",
          "integrity": "sha1-eIwNLB3iyBuebowBhDtrl+uSB1A=",
          "requires": {
            "inherits": "2.0.3",
            "setprototypeof": "1.0.2",
            "statuses": "1.4.0"
          }
        },
        "setprototypeof": {
          "version": "1.0.2",
          "resolved": "http://r.cnpmjs.org/setprototypeof/download/setprototypeof-1.0.2.tgz",
          "integrity": "sha1-gaVSFB7BBLiOic44MQOtXGZWTQg="
        }
      }
    },
    "safe-buffer": {
      "version": "5.1.1",
      "resolved": "http://r.cnpmjs.org/safe-buffer/download/safe-buffer-5.1.1.tgz",
      "integrity": "sha1-iTMSr2myEj3vcfV4iQAWce6yyFM="
    },
    "semver": {
      "version": "5.4.1",
      "resolved": "http://r.cnpmjs.org/semver/download/semver-5.4.1.tgz",
      "integrity": "sha1-4FnAnYVx8FQII3M0M1BdOi8AsY4="
    },
    "setprototypeof": {
      "version": "1.0.3",
      "resolved": "http://r.cnpmjs.org/setprototypeof/download/setprototypeof-1.0.3.tgz",
      "integrity": "sha1-ZlZ+NwQ+608E2RvWWMDL77VbjgQ="
    },
    "sigmund": {
      "version": "1.0.1",
      "resolved": "http://r.cnpmjs.org/sigmund/download/sigmund-1.0.1.tgz",
      "integrity": "sha1-P/IfGYytIXX587eBhT/ZTQ0ZtZA="
    },
    "statuses": {
      "version": "1.4.0",
      "resolved": "http://r.cnpmjs.org/statuses/download/statuses-1.4.0.tgz",
      "integrity": "sha1-u3PURtonlhBu/MG2AaJT1sRr0Ic="
    },
    "streamsearch": {
      "version": "0.1.2",
      "resolved": "http://r.cnpmjs.org/streamsearch/download/streamsearch-0.1.2.tgz",
      "integrity": "sha1-gIudDlb8Jz2Am6VzOOkpkZoanxo="
    },
    "string_decoder": {
      "version": "0.10.31",
      "resolved": "http://r.cnpmjs.org/string_decoder/download/string_decoder-0.10.31.tgz",
      "integrity": "sha1-YuIDvEF2bGwoyfyEMB2rHFMQ+pQ="
    },
    "thenify": {
      "version": "3.3.0",
      "resolved": "http://r.cnpmjs.org/thenify/download/thenify-3.3.0.tgz",
      "integrity": "sha1-5p44obq+lpsBCCB5eLn2K4hgSDk=",
      "requires": {
        "any-promise": "1.3.0"
      }
    },
    "thenify-all": {
      "version": "1.6.0",
      "resolved": "http://r.cnpmjs.org/thenify-all/download/thenify-all-1.6.0.tgz",
      "integrity": "sha1-GhkY1ALY/D+Y+/I02wvMjMEOlyY=",
      "requires": {
        "thenify": "3.3.0"
      }
    },
    "through": {
      "version": "2.3.8",
      "resolved": "http://r.cnpmjs.org/through/download/through-2.3.8.tgz",
      "integrity": "sha1-DdTJ/6q8NXlgsbckEV1+Doai4fU="
    },
    "tunnel-agent": {
      "version": "0.6.0",
      "resolved": "http://r.cnpmjs.org/tunnel-agent/download/tunnel-agent-0.6.0.tgz",
      "integrity": "sha1-J6XeoGs2sEoKmWZ3SykIaPD8QP0=",
      "requires": {
        "safe-buffer": "5.1.1"
      }
    },
    "type-detect": {
      "version": "0.1.1",
      "resolved": "http://r.cnpmjs.org/type-detect/download/type-detect-0.1.1.tgz",
      "integrity": "sha1-C6XsKohWQORw6k6FBZcZANrFiCI="
    },
    "type-is": {
      "version": "1.6.15",
      "resolved": "http://r.cnpmjs.org/type-is/download/type-is-1.6.15.tgz",
      "integrity": "sha1-yrEPtJCeRByChC6v4a1kbIGARBA=",
      "requires": {
        "media-typer": "0.3.0",
        "mime-types": "2.1.17"
      }
    },
    "typedarray": {
      "version": "0.0.6",
      "resolved": "http://r.cnpmjs.org/typedarray/download/typedarray-0.0.6.tgz",
      "integrity": "sha1-hnrHTjhkGHsdPUfZlqeOxciDB3c="
    },
    "urijs": {
      "version": "1.19.0",
      "resolved": "http://r.cnpmjs.org/urijs/download/urijs-1.19.0.tgz",
      "integrity": "sha1-2KooTQ50aXA6aYitBFxMv98IraA="
    },
    "urlencode": {
      "version": "1.1.0",
      "resolved": "http://r.cnpmjs.org/urlencode/download/urlencode-1.1.0.tgz",
      "integrity": "sha1-HyuibwE8hfATP3o61v8nMK33y7c=",
      "requires": {
        "iconv-lite": "0.4.19"
      }
    },
    "urllib": {
      "version": "2.22.0",
      "resolved": "http://r.cnpmjs.org/urllib/download/urllib-2.22.0.tgz",
      "integrity": "sha1-KWXcSuEnpvtpW32yfTGE8X2Cy0I=",
      "requires": {
        "any-promise": "1.3.0",
        "content-type": "1.0.4",
        "debug": "2.6.9",
        "default-user-agent": "1.0.0",
        "digest-header": "0.0.1",
        "ee-first": "1.1.1",
        "humanize-ms": "1.2.1",
        "iconv-lite": "0.4.19",
        "qs": "6.5.1",
        "statuses": "1.4.0"
      },
      "dependencies": {
        "debug": {
          "version": "2.6.9",
          "resolved": "http://r.cnpmjs.org/debug/download/debug-2.6.9.tgz",
          "integrity": "sha1-XRKFFd8TT/Mn6QpMk/Tgd6U2NB8=",
          "requires": {
            "ms": "2.0.0"
          }
        }
      }
    },
    "util-deprecate": {
      "version": "1.0.2",
      "resolved": "http://r.cnpmjs.org/util-deprecate/download/util-deprecate-1.0.2.tgz",
      "integrity": "sha1-RQ1Nyfpw3nMnYvvS1KKJgUGaDM8="
    },
    "utility": {
      "version": "0.1.11",
      "resolved": "http://r.cnpmjs.org/utility/download/utility-0.1.11.tgz",
      "integrity": "sha1-/eYM+bTkdRlHoM9dEEzik2ciZxU=",
      "requires": {
        "address": "1.0.3"
      }
    },
    "vary": {
      "version": "1.1.2",
      "resolved": "http://r.cnpmjs.org/vary/download/vary-1.1.2.tgz",
      "integrity": "sha1-IpnwLG3tMNSllhsLn3RSShj2NPw="
    },
    "vue": {
      "version": "2.5.13",
      "resolved": "http://r.cnpmjs.org/vue/download/vue-2.5.13.tgz",
      "integrity": "sha1-lb0x4g7896fzkjnJqmeHzoz1eOE="
    },
    "vue-axios": {
      "version": "2.0.2",
      "resolved": "http://r.cnpmjs.org/vue-axios/download/vue-axios-2.0.2.tgz",
      "integrity": "sha1-D+Wmnx7bCaHNbEp/iMdNL7f+F3g="
    },
    "win-release": {
      "version": "1.1.1",
      "resolved": "http://r.cnpmjs.org/win-release/download/win-release-1.1.1.tgz",
      "integrity": "sha1-X6VeAr58qTTt/BJmVjLoSbcuUgk=",
      "requires": {
        "semver": "5.4.1"
      }
    },
    "xtend": {
      "version": "4.0.1",
      "resolved": "http://r.cnpmjs.org/xtend/download/xtend-4.0.1.tgz",
      "integrity": "sha1-pcbVMr5lbiPbgg77lDofBJmNY68="
    }
  }
}
